
Microsoft Visual Studio Solution File, Format Version 11.00
# Visual Studio 2010
Project("{8BC9CEB8-8B4A-11D0-8D11-00A0C91BC942}") = "ArrmoredShell", "ArrmoredShell\ArrmoredShell.vcxproj", "{59B2361A-8189-450C-B0CB-C25B12AA7D4B}"
EndProject
Global
	GlobalSection(SolutionConfigurationPlatforms) = preSolution
		Debug|Win32 = Debug|Win32
		Release|Win32 = Release|Win32
	EndGlobalSection
	GlobalSection(ProjectConfigurationPlatforms) = postSolution
		{59B2361A-8189-450C-B0CB-C25B12AA7D4B}.Debug|Win32.ActiveCfg = Debug|Win32
		{59B2361A-8189-450C-B0CB-C25B12AA7D4B}.Debug|Win32.Build.0 = Debug|Win32
		{59B2361A-8189-450C-B0CB-C25B12AA7D4B}.Release|Win32.ActiveCfg = Release|Win32
		{59B2361A-8189-450C-B0CB-C25B12AA7D4B}.Release|Win32.Build.0 = Release|Win32
	EndGlobalSection
	GlobalSection(SolutionProperties) = preSolution
		HideSolutionNode = FALSE
	EndGlobalSection
EndGlobal
